
Microsoft Visual Studio Solution File, Format Version 12.00
# Visual Studio Version 16
VisualStudioVersion = 16.0.29102.190
MinimumVisualStudioVersion = 10.0.40219.1
Project("{FAE04EC0-301F-11D3-BF4B-00C04F79EFBC}") = "EthanWeberWebsite", "EthanWeberWebsite\EthanWeberWebsite.csproj", "{2A010E85-89F0-4BD1-BF1A-E5B94CF3463E}"
EndProject
Global
	GlobalSection(SolutionConfigurationPlatforms) = preSolution
		Debug|Any CPU = Debug|Any CPU
		Release|Any CPU = Release|Any CPU
	EndGlobalSection
	GlobalSection(ProjectConfigurationPlatforms) = postSolution
		{2A010E85-89F0-4BD1-BF1A-E5B94CF3463E}.Debug|Any CPU.ActiveCfg = Debug|Any CPU
		{2A010E85-89F0-4BD1-BF1A-E5B94CF3463E}.Debug|Any CPU.Build.0 = Debug|Any CPU
		{2A010E85-89F0-4BD1-BF1A-E5B94CF3463E}.Release|Any CPU.ActiveCfg = Release|Any CPU
		{2A010E85-89F0-4BD1-BF1A-E5B94CF3463E}.Release|Any CPU.Build.0 = Release|Any CPU
	EndGlobalSection
	GlobalSection(SolutionProperties) = preSolution
		HideSolutionNode = FALSE
	EndGlobalSection
	GlobalSection(ExtensibilityGlobals) = postSolution
		SolutionGuid = {B0AC0022-9CB6-4444-B622-555D2CA4279E}
	EndGlobalSection
EndGlobal
